
Microsoft Visual Studio Solution File, Format Version 12.00
# Visual Studio Version 17
VisualStudioVersion = 17.7.34003.232
MinimumVisualStudioVersion = 10.0.40219.1
Project("{FAE04EC0-301F-11D3-BF4B-00C04F79EFBC}") = "Giraffe", "Giraffe.csproj", "{8A6A4988-9026-44C6-970D-A54534A3A5C3}"
EndProject
Global
	GlobalSection(SolutionConfigurationPlatforms) = preSolution
		Debug|Any CPU = Debug|Any CPU
		Release|Any CPU = Release|Any CPU
	EndGlobalSection
	GlobalSection(ProjectConfigurationPlatforms) = postSolution
		{8A6A4988-9026-44C6-970D-A54534A3A5C3}.Debug|Any CPU.ActiveCfg = Debug|Any CPU
		{8A6A4988-9026-44C6-970D-A54534A3A5C3}.Debug|Any CPU.Build.0 = Debug|Any CPU
		{8A6A4988-9026-44C6-970D-A54534A3A5C3}.Release|Any CPU.ActiveCfg = Release|Any CPU
		{8A6A4988-9026-44C6-970D-A54534A3A5C3}.Release|Any CPU.Build.0 = Release|Any CPU
	EndGlobalSection
	GlobalSection(SolutionProperties) = preSolution
		HideSolutionNode = FALSE
	EndGlobalSection
	GlobalSection(ExtensibilityGlobals) = postSolution
		SolutionGuid = {42BB1A17-C052-48AA-9539-30B2FE4BDCC1}
	EndGlobalSection
EndGlobal
